Microsoft Visual Studio Solution File, Format Version 12.00
# Visual Studio 2012
Project("{FAE04EC0-301F-11D3-BF4B-00C04F79EFBC}") = "ES Test", "ES Test.csproj", "{2C70C679-1DED-4C38-927B-77BA24D122E4}"
EndProject
Global
	GlobalSection(SolutionConfigurationPlatforms) = preSolution
	Debug|Any CPU = Debug|Any CPU
	ExportDebug|Any CPU = ExportDebug|Any CPU
	ExportRelease|Any CPU = ExportRelease|Any CPU
	EndGlobalSection
	GlobalSection(ProjectConfigurationPlatforms) = postSolution
		{2C70C679-1DED-4C38-927B-77BA24D122E4}.Debug|Any CPU.ActiveCfg = Debug|Any CPU
		{2C70C679-1DED-4C38-927B-77BA24D122E4}.Debug|Any CPU.Build.0 = Debug|Any CPU
		{2C70C679-1DED-4C38-927B-77BA24D122E4}.ExportDebug|Any CPU.ActiveCfg = ExportDebug|Any CPU
		{2C70C679-1DED-4C38-927B-77BA24D122E4}.ExportDebug|Any CPU.Build.0 = ExportDebug|Any CPU
		{2C70C679-1DED-4C38-927B-77BA24D122E4}.ExportRelease|Any CPU.ActiveCfg = ExportRelease|Any CPU
		{2C70C679-1DED-4C38-927B-77BA24D122E4}.ExportRelease|Any CPU.Build.0 = ExportRelease|Any CPU
	EndGlobalSection
EndGlobal
